
Microsoft Visual Studio Solution File, Format Version 12.00
# Visual Studio Version 16
VisualStudioVersion = 16.0.30804.86
MinimumVisualStudioVersion = 10.0.40219.1
Project("{FAE04EC0-301F-11D3-BF4B-00C04F79EFBC}") = "ProyectoAxel-Consola", "ProyectoAxel-Consola\ProyectoAxel-Consola.csproj", "{5C8E3A3C-C43C-479C-BC55-2D9AD12D1614}"
EndProject
Global
	GlobalSection(SolutionConfigurationPlatforms) = preSolution
		Debug|Any CPU = Debug|Any CPU
		Release|Any CPU = Release|Any CPU
	EndGlobalSection
	GlobalSection(ProjectConfigurationPlatforms) = postSolution
		{5C8E3A3C-C43C-479C-BC55-2D9AD12D1614}.Debug|Any CPU.ActiveCfg = Debug|Any CPU
		{5C8E3A3C-C43C-479C-BC55-2D9AD12D1614}.Debug|Any CPU.Build.0 = Debug|Any CPU
		{5C8E3A3C-C43C-479C-BC55-2D9AD12D1614}.Release|Any CPU.ActiveCfg = Release|Any CPU
		{5C8E3A3C-C43C-479C-BC55-2D9AD12D1614}.Release|Any CPU.Build.0 = Release|Any CPU
	EndGlobalSection
	GlobalSection(SolutionProperties) = preSolution
		HideSolutionNode = FALSE
	EndGlobalSection
	GlobalSection(ExtensibilityGlobals) = postSolution
		SolutionGuid = {030123A3-F669-4B06-87D8-D8948B956A8F}
	EndGlobalSection
EndGlobal
